// !$*UTF8*$!
{
	archiveVersion = 1;
	classes = {
	};
	objectVersion = 50;
	objects = {

/* Begin PBXBuildFile section */
		8D67B0A22430D63500F9CF29 /* AppDelegate.swift in Sources */ = {isa = PBXBuildFile; fileRef = 8D67B0A12430D63500F9CF29 /* AppDelegate.swift */; };
		8D67B0A42430D63500F9CF29 /* SceneDelegate.swift in Sources */ = {isa = PBXBuildFile; fileRef = 8D67B0A32430D63500F9CF29 /* SceneDelegate.swift */; };
		8D67B0A62430D63500F9CF29 /* ContentView.swift in Sources */ = {isa = PBXBuildFile; fileRef = 8D67B0A52430D63500F9CF29 /* ContentView.swift */; };
		8D67B0A82430D63700F9CF29 /* Assets.xcassets in Resources */ = {isa = PBXBuildFile; fileRef = 8D67B0A72430D63700F9CF29 /* Assets.xcassets */; };
		8D67B0AB2430D63700F9CF29 /* Preview Assets.xcassets in Resources */ = {isa = PBXBuildFile; fileRef = 8D67B0AA2430D63700F9CF29 /* Preview Assets.xcassets */; };
		8D67B0AE2430D63700F9CF29 /* LaunchScreen.storyboard in Resources */ = {isa = PBXBuildFile; fileRef = 8D67B0AC2430D63700F9CF29 /* LaunchScreen.storyboard */; };
		8D67B0B92430D63800F9CF29 /* TestPodTests.swift in Sources */ = {isa = PBXBuildFile; fileRef = 8D67B0B82430D63800F9CF29 /* TestPodTests.swift */; };
		D3FAEEA7DE89DA8D373EF0EA /* Pods_TestPodTests.framework in Frameworks */ = {isa = PBXBuildFile; fileRef = 622B1682514EAFC519FC11F5 /* Pods_TestPodTests.framework */; };
		DDAAC9F2ADC2A5227005B20E /* Pods_TestPod.framework in Frameworks */ = {isa = PBXBuildFile; fileRef = F2799EA9766F375BC167C4D1 /* Pods_TestPod.framework */; };
/* End PBXBuildFile section */

/* Begin PBXContainerItemProxy section */
		8D67B0B52430D63800F9CF29 /* PBXContainerItemProxy */ = {
			isa = PBXContainerItemProxy;
			containerPortal = 8D67B0962430D63400F9CF29 /* Project object */;
			proxyType = 1;
			remoteGlobalIDString = 8D67B09D2430D63400F9CF29;
			remoteInfo = TestPod;
		};
/* End PBXContainerItemProxy section */

/* Begin PBXFileReference section */
		622B1682514EAFC519FC11F5 /* Pods_TestPodTests.framework */ = {isa = PBXFileReference; explicitFileType = wrapper.framework; includeInIndex = 0; path = Pods_TestPodTests.framework; sourceTree = BUILT_PRODUCTS_DIR; };
		8D67B09E2430D63400F9CF29 /* TestPod.app */ = {isa = PBXFileReference; explicitFileType = wrapper.application; includeInIndex = 0; path = TestPod.app; sourceTree = BUILT_PRODUCTS_DIR; };
		8D67B0A12430D63500F9CF29 /* AppDelegate.swift */ = {isa = PBXFileReference; lastKnownFileType = sourcecode.swift; path = AppDelegate.swift; sourceTree = "<group>"; };
		8D67B0A32430D63500F9CF29 /* SceneDelegate.swift */ = {isa = PBXFileReference; lastKnownFileType = sourcecode.swift; path = SceneDelegate.swift; sourceTree = "<group>"; };
		8D67B0A52430D63500F9CF29 /* ContentView.swift */ = {isa = PBXFileReference; lastKnownFileType = sourcecode.swift; path = ContentView.swift; sourceTree = "<group>"; };
		8D67B0A72430D63700F9CF29 /* Assets.xcassets */ = {isa = PBXFileReference; lastKnownFileType = folder.assetcatalog; path = Assets.xcassets; sourceTree = "<group>"; };
		8D67B0AA2430D63700F9CF29 /* Preview Assets.xcassets */ = {isa = PBXFileReference; lastKnownFileType = folder.assetcatalog; path = "Preview Assets.xcassets"; sourceTree = "<group>"; };
		8D67B0AD2430D63700F9CF29 /* Base */ = {isa = PBXFileReference; lastKnownFileType = file.storyboard; name = Base; path = Base.lproj/LaunchScreen.storyboard; sourceTree = "<group>"; };
		8D67B0AF2430D63700F9CF29 /* Info.plist */ = {isa = PBXFileReference; lastKnownFileType = text.plist.xml; path = Info.plist; sourceTree = "<group>"; };
		8D67B0B42430D63800F9CF29 /* TestPodTests.xctest */ = {isa = PBXFileReference; explicitFileType = wrapper.cfbundle; includeInIndex = 0; path = TestPodTests.xctest; sourceTree = BUILT_PRODUCTS_DIR; };
		8D67B0B82430D63800F9CF29 /* TestPodTests.swift */ = {isa = PBXFileReference; lastKnownFileType = sourcecode.swift; path = TestPodTests.swift; sourceTree = "<group>"; };
		8D67B0BA2430D63800F9CF29 /* Info.plist */ = {isa = PBXFileReference; lastKnownFileType = text.plist.xml; path = Info.plist; sourceTree = "<group>"; };
		9F8AF924B736B9D4461457FB /* Pods-TestPod.release.xcconfig */ = {isa = PBXFileReference; includeInIndex = 1; lastKnownFileType = text.xcconfig; name = "Pods-TestPod.release.xcconfig"; path = "Target Support Files/Pods-TestPod/Pods-TestPod.release.xcconfig"; sourceTree = "<group>"; };
		D3AF1EAA7BC6773A9AB6ECA5 /* Pods-TestPod.debug.xcconfig */ = {isa = PBXFileReference; includeInIndex = 1; lastKnownFileType = text.xcconfig; name = "Pods-TestPod.debug.xcconfig"; path = "Target Support Files/Pods-TestPod/Pods-TestPod.debug.xcconfig"; sourceTree = "<group>"; };
		DDDEFBBE2D489F75CC6CCDEA /* Pods-TestPodTests.debug.xcconfig */ = {isa = PBXFileReference; includeInIndex = 1; lastKnownFileType = text.xcconfig; name = "Pods-TestPodTests.debug.xcconfig"; path = "Target Support Files/Pods-TestPodTests/Pods-TestPodTests.debug.xcconfig"; sourceTree = "<group>"; };
		F2799EA9766F375BC167C4D1 /* Pods_TestPod.framework */ = {isa = PBXFileReference; explicitFileType = wrapper.framework; includeInIndex = 0; path = Pods_TestPod.framework; sourceTree = BUILT_PRODUCTS_DIR; };
		F90985CC45AB9E07E6CAFCC4 /* Pods-TestPodTests.release.xcconfig */ = {isa = PBXFileReference; includeInIndex = 1; lastKnownFileType = text.xcconfig; name = "Pods-TestPodTests.release.xcconfig"; path = "Target Support Files/Pods-TestPodTests/Pods-TestPodTests.release.xcconfig"; sourceTree = "<group>"; };
/* End PBXFileReference section */

/* Begin PBXFrameworksBuildPhase section */
		8D67B09B2430D63400F9CF29 /* Frameworks */ = {
			isa = PBXFrameworksBuildPhase;
			buildActionMask = 2147483647;
			files = (
				DDAAC9F2ADC2A5227005B20E /* Pods_TestPod.framework in Frameworks */,
			);
			runOnlyForDeploymentPostprocessing = 0;
		};
		8D67B0B12430D63800F9CF29 /* Frameworks */ = {
			isa = PBXFrameworksBuildPhase;
			buildActionMask = 2147483647;
			files = (
				D3FAEEA7DE89DA8D373EF0EA /* Pods_TestPodTests.framework in Frameworks */,
			);
			runOnlyForDeploymentPostprocessing = 0;
		};
/* End PBXFrameworksBuildPhase section */

/* Begin PBXGroup section */
		0175E4DB28AE8353BAFB0F03 /* Pods */ = {
			isa = PBXGroup;
			children = (
				D3AF1EAA7BC6773A9AB6ECA5 /* Pods-TestPod.debug.xcconfig */,
				9F8AF924B736B9D4461457FB /* Pods-TestPod.release.xcconfig */,
				DDDEFBBE2D489F75CC6CCDEA /* Pods-TestPodTests.debug.xcconfig */,
				F90985CC45AB9E07E6CAFCC4 /* Pods-TestPodTests.release.xcconfig */,
			);
			name = Pods;
			path = Pods;
			sourceTree = "<group>";
		};
		8D67B0952430D63400F9CF29 = {
			isa = PBXGroup;
			children = (
				8D67B0A02430D63500F9CF29 /* TestPod */,
				8D67B0B72430D63800F9CF29 /* TestPodTests */,
				8D67B09F2430D63400F9CF29 /* Products */,
				0175E4DB28AE8353BAFB0F03 /* Pods */,
				F0C336D1D499D829D64A565B /* Frameworks */,
			);
			sourceTree = "<group>";
		};
		8D67B09F2430D63400F9CF29 /* Products */ = {
			isa = PBXGroup;
			children = (
				8D67B09E2430D63400F9CF29 /* TestPod.app */,
				8D67B0B42430D63800F9CF29 /* TestPodTests.xctest */,
			);
			name = Products;
			sourceTree = "<group>";
		};
		8D67B0A02430D63500F9CF29 /* TestPod */ = {
			isa = PBXGroup;
			children = (
				8D67B0A12430D63500F9CF29 /* AppDelegate.swift */,
				8D67B0A32430D63500F9CF29 /* SceneDelegate.swift */,
				8D67B0A52430D63500F9CF29 /* ContentView.swift */,
				8D67B0A72430D63700F9CF29 /* Assets.xcassets */,
				8D67B0AC2430D63700F9CF29 /* LaunchScreen.storyboard */,
				8D67B0AF2430D63700F9CF29 /* Info.plist */,
				8D67B0A92430D63700F9CF29 /* Preview Content */,
			);
			path = TestPod;
			sourceTree = "<group>";
		};
		8D67B0A92430D63700F9CF29 /* Preview Content */ = {
			isa = PBXGroup;
			children = (
				8D67B0AA2430D63700F9CF29 /* Preview Assets.xcassets */,
			);
			path = "Preview Content";
			sourceTree = "<group>";
		};
		8D67B0B72430D63800F9CF29 /* TestPodTests */ = {
			isa = PBXGroup;
			children = (
				8D67B0B82430D63800F9CF29 /* TestPodTests.swift */,
				8D67B0BA2430D63800F9CF29 /* Info.plist */,
			);
			path = TestPodTests;
			sourceTree = "<group>";
		};
		F0C336D1D499D829D64A565B /* Frameworks */ = {
			isa = PBXGroup;
			children = (
				F2799EA9766F375BC167C4D1 /* Pods_TestPod.framework */,
				622B1682514EAFC519FC11F5 /* Pods_TestPodTests.framework */,
			);
			name = Frameworks;
			sourceTree = "<group>";
		};
/* End PBXGroup section */

/* Begin PBXNativeTarget section */
		8D67B09D2430D63400F9CF29 /* TestPod */ = {
			isa = PBXNativeTarget;
			buildConfigurationList = 8D67B0BD2430D63800F9CF29 /* Build configuration list for PBXNativeTarget "TestPod" */;
			buildPhases = (
				AAAA94FA6864A531221D1CD5 /* [CP] Check Pods Manifest.lock */,
				8D67B09A2430D63400F9CF29 /* Sources */,
				8D67B09B2430D63400F9CF29 /* Frameworks */,
				8D67B09C2430D63400F9CF29 /* Resources */,
			);
			buildRules = (
			);
			dependencies = (
			);
			name = TestPod;
			productName = TestPod;
			productReference = 8D67B09E2430D63400F9CF29 /* TestPod.app */;
			productType = "com.apple.product-type.application";
		};
		8D67B0B32430D63800F9CF29 /* TestPodTests */ = {
			isa = PBXNativeTarget;
			buildConfigurationList = 8D67B0C02430D63800F9CF29 /* Build configuration list for PBXNativeTarget "TestPodTests" */;
			buildPhases = (
				BB11B4942B4A87561D04A110 /* [CP] Check Pods Manifest.lock */,
				8D67B0B02430D63800F9CF29 /* Sources */,
				8D67B0B12430D63800F9CF29 /* Frameworks */,
				8D67B0B22430D63800F9CF29 /* Resources */,
			);
			buildRules = (
			);
			dependencies = (
				8D67B0B62430D63800F9CF29 /* PBXTargetDependency */,
			);
			name = TestPodTests;
			productName = TestPodTests;
			productReference = 8D67B0B42430D63800F9CF29 /* TestPodTests.xctest */;
			productType = "com.apple.product-type.bundle.unit-test";
		};
/* End PBXNativeTarget section */

/* Begin PBXProject section */
		8D67B0962430D63400F9CF29 /* Project object */ = {
			isa = PBXProject;
			attributes = {
				LastSwiftUpdateCheck = 1140;
				LastUpgradeCheck = 1140;
				ORGANIZATIONNAME = "Carmelo Iriti";
				TargetAttributes = {
					8D67B09D2430D63400F9CF29 = {
						CreatedOnToolsVersion = 11.4;
					};
					8D67B0B32430D63800F9CF29 = {
						CreatedOnToolsVersion = 11.4;
						TestTargetID = 8D67B09D2430D63400F9CF29;
					};
				};
			};
			buildConfigurationList = 8D67B0992430D63400F9CF29 /* Build configuration list for PBXProject "TestPod" */;
			compatibilityVersion = "Xcode 9.3";
			developmentRegion = en;
			hasScannedForEncodings = 0;
			knownRegions = (
				en,
				Base,
			);
			mainGroup = 8D67B0952430D63400F9CF29;
			productRefGroup = 8D67B09F2430D63400F9CF29 /* Products */;
			projectDirPath = "";
			projectRoot = "";
			targets = (
				8D67B09D2430D63400F9CF29 /* TestPod */,
				8D67B0B32430D63800F9CF29 /* TestPodTests */,
			);
		};
/* End PBXProject section */

/* Begin PBXResourcesBuildPhase section */
		8D67B09C2430D63400F9CF29 /* Resources */ = {
			isa = PBXResourcesBuildPhase;
			buildActionMask = 2147483647;
			files = (
				8D67B0AE2430D63700F9CF29 /* LaunchScreen.storyboard in Resources */,
				8D67B0AB2430D63700F9CF29 /* Preview Assets.xcassets in Resources */,
				8D67B0A82430D63700F9CF29 /* Assets.xcassets in Resources */,
			);
			runOnlyForDeploymentPostprocessing = 0;
		};
		8D67B0B22430D63800F9CF29 /* Resources */ = {
			isa = PBXResourcesBuildPhase;
			buildActionMask = 2147483647;
			files = (
			);
			runOnlyForDeploymentPostprocessing = 0;
		};
/* End PBXResourcesBuildPhase section */

/* Begin PBXShellScriptBuildPhase section */
		AAAA94FA6864A531221D1CD5 /* [CP] Check Pods Manifest.lock */ = {
			isa = PBXShellScriptBuildPhase;
			buildActionMask = 2147483647;
			files = (
			);
			inputFileListPaths = (
			);
			inputPaths = (
				"${PODS_PODFILE_DIR_PATH}/Podfile.lock",
				"${PODS_ROOT}/Manifest.lock",
			);
			name = "[CP] Check Pods Manifest.lock";
			outputFileListPaths = (
			);
			outputPaths = (
				"$(DERIVED_FILE_DIR)/Pods-TestPod-checkManifestLockResult.txt",
			);
			runOnlyForDeploymentPostprocessing = 0;
			shellPath = /bin/sh;
			shellScript = "diff \"${PODS_PODFILE_DIR_PATH}/Podfile.lock\" \"${PODS_ROOT}/Manifest.lock\" > /dev/null\nif [ $? != 0 ] ; then\n    # print error to STDERR\n    echo \"error: The sandbox is not in sync with the Podfile.lock. Run 'pod install' or update your CocoaPods installation.\" >&2\n    exit 1\nfi\n# This output is used by Xcode 'outputs' to avoid re-running this script phase.\necho \"SUCCESS\" > \"${SCRIPT_OUTPUT_FILE_0}\"\n";
			showEnvVarsInLog = 0;
		};
		BB11B4942B4A87561D04A110 /* [CP] Check Pods Manifest.lock */ = {
			isa = PBXShellScriptBuildPhase;
			buildActionMask = 2147483647;
			files = (
			);
			inputFileListPaths = (
			);
			inputPaths = (
				"${PODS_PODFILE_DIR_PATH}/Podfile.lock",
				"${PODS_ROOT}/Manifest.lock",
			);
			name = "[CP] Check Pods Manifest.lock";
			outputFileListPaths = (
			);
			outputPaths = (
				"$(DERIVED_FILE_DIR)/Pods-TestPodTests-checkManifestLockResult.txt",
			);
			runOnlyForDeploymentPostprocessing = 0;
			shellPath = /bin/sh;
			shellScript = "diff \"${PODS_PODFILE_DIR_PATH}/Podfile.lock\" \"${PODS_ROOT}/Manifest.lock\" > /dev/null\nif [ $? != 0 ] ; then\n    # print error to STDERR\n    echo \"error: The sandbox is not in sync with the Podfile.lock. Run 'pod install' or update your CocoaPods installation.\" >&2\n    exit 1\nfi\n# This output is used by Xcode 'outputs' to avoid re-running this script phase.\necho \"SUCCESS\" > \"${SCRIPT_OUTPUT_FILE_0}\"\n";
			showEnvVarsInLog = 0;
		};
/* End PBXShellScriptBuildPhase section */

/* Begin PBXSourcesBuildPhase section */
		8D67B09A2430D63400F9CF29 /* Sources */ = {
			isa = PBXSourcesBuildPhase;
			buildActionMask = 2147483647;
			files = (
				8D67B0A22430D63500F9CF29 /* AppDelegate.swift in Sources */,
				8D67B0A42430D63500F9CF29 /* SceneDelegate.swift in Sources */,
				8D67B0A62430D63500F9CF29 /* ContentView.swift in Sources */,
			);
			runOnlyForDeploymentPostprocessing = 0;
		};
		8D67B0B02430D63800F9CF29 /* Sources */ = {
			isa = PBXSourcesBuildPhase;
			buildActionMask = 2147483647;
			files = (
				8D67B0B92430D63800F9CF29 /* TestPodTests.swift in Sources */,
			);
			runOnlyForDeploymentPostprocessing = 0;
		};
/* End PBXSourcesBuildPhase section */

/* Begin PBXTargetDependency section */
		8D67B0B62430D63800F9CF29 /* PBXTargetDependency */ = {
			isa = PBXTargetDependency;
			target = 8D67B09D2430D63400F9CF29 /* TestPod */;
			targetProxy = 8D67B0B52430D63800F9CF29 /* PBXContainerItemProxy */;
		};
/* End PBXTargetDependency section */

/* Begin PBXVariantGroup section */
		8D67B0AC2430D63700F9CF29 /* LaunchScreen.storyboard */ = {
			isa = PBXVariantGroup;
			children = (
				8D67B0AD2430D63700F9CF29 /* Base */,
			);
			name = LaunchScreen.storyboard;
			sourceTree = "<group>";
		};
/* End PBXVariantGroup section */

/* Begin XCBuildConfiguration section */
		8D67B0BB2430D63800F9CF29 /* Debug */ = {
			isa = XCBuildConfiguration;
			buildSettings = {
				ALWAYS_SEARCH_USER_PATHS = NO;
				CLANG_ANALYZER_NONNULL = YES;
				CLANG_ANALYZER_NUMBER_OBJECT_CONVERSION = YES_AGGRESSIVE;
				CLANG_CXX_LANGUAGE_STANDARD = "gnu++14";
				CLANG_CXX_LIBRARY = "libc++";
				CLANG_ENABLE_MODULES = YES;
				CLANG_ENABLE_OBJC_ARC = YES;
				CLANG_ENABLE_OBJC_WEAK = YES;
				CLANG_WARN_BLOCK_CAPTURE_AUTORELEASING = YES;
				CLANG_WARN_BOOL_CONVERSION = YES;
				CLANG_WARN_COMMA = YES;
				CLANG_WARN_CONSTANT_CONVERSION = YES;
				CLANG_WARN_DEPRECATED_OBJC_IMPLEMENTATIONS = YES;
				CLANG_WARN_DIRECT_OBJC_ISA_USAGE = YES_ERROR;
				CLANG_WARN_DOCUMENTATION_COMMENTS = YES;
				CLANG_WARN_EMPTY_BODY = YES;
				CLANG_WARN_ENUM_CONVERSION = YES;
				CLANG_WARN_INFINITE_RECURSION = YES;
				CLANG_WARN_INT_CONVERSION = YES;
				CLANG_WARN_NON_LITERAL_NULL_CONVERSION = YES;
				CLANG_WARN_OBJC_IMPLICIT_RETAIN_SELF = YES;
				CLANG_WARN_OBJC_LITERAL_CONVERSION = YES;
				CLANG_WARN_OBJC_ROOT_CLASS = YES_ERROR;
				CLANG_WARN_RANGE_LOOP_ANALYSIS = YES;
				CLANG_WARN_STRICT_PROTOTYPES = YES;
				CLANG_WARN_SUSPICIOUS_MOVE = YES;
				CLANG_WARN_UNGUARDED_AVAILABILITY = YES_AGGRESSIVE;
				CLANG_WARN_UNREACHABLE_CODE = YES;
				CLANG_WARN__DUPLICATE_METHOD_MATCH = YES;
				COPY_PHASE_STRIP = NO;
				DEBUG_INFORMATION_FORMAT = dwarf;
				ENABLE_STRICT_OBJC_MSGSEND = YES;
				ENABLE_TESTABILITY = YES;
				GCC_C_LANGUAGE_STANDARD = gnu11;
				GCC_DYNAMIC_NO_PIC = NO;
				GCC_NO_COMMON_BLOCKS = YES;
				GCC_OPTIMIZATION_LEVEL = 0;
				GCC_PREPROCESSOR_DEFINITIONS = (
					"DEBUG=1",
					"$(inherited)",
				);
				GCC_WARN_64_TO_32_BIT_CONVERSION = YES;
				GCC_WARN_ABOUT_RETURN_TYPE = YES_ERROR;
				GCC_WARN_UNDECLARED_SELECTOR = YES;
				GCC_WARN_UNINITIALIZED_AUTOS = YES_AGGRESSIVE;
				GCC_WARN_UNUSED_FUNCTION = YES;
				GCC_WARN_UNUSED_VARIABLE = YES;
				IPHONEOS_DEPLOYMENT_TARGET = 13.4;
				MTL_ENABLE_DEBUG_INFO = INCLUDE_SOURCE;
				MTL_FAST_MATH = YES;
				ONLY_ACTIVE_ARCH = YES;
				SDKROOT = iphoneos;
				SWIFT_ACTIVE_COMPILATION_CONDITIONS = DEBUG;
				SWIFT_OPTIMIZATION_LEVEL = "-Onone";
			};
			name = Debug;
		};
		8D67B0BC2430D63800F9CF29 /* Release */ = {
			isa = XCBuildConfiguration;
			buildSettings = {
				ALWAYS_SEARCH_USER_PATHS = NO;
				CLANG_ANALYZER_NONNULL = YES;
				CLANG_ANALYZER_NUMBER_OBJECT_CONVERSION = YES_AGGRESSIVE;
				CLANG_CXX_LANGUAGE_STANDARD = "gnu++14";
				CLANG_CXX_LIBRARY = "libc++";
				CLANG_ENABLE_MODULES = YES;
				CLANG_ENABLE_OBJC_ARC = YES;
				CLANG_ENABLE_OBJC_WEAK = YES;
				CLANG_WARN_BLOCK_CAPTURE_AUTORELEASING = YES;
				CLANG_WARN_BOOL_CONVERSION = YES;
				CLANG_WARN_COMMA = YES;
				CLANG_WARN_CONSTANT_CONVERSION = YES;
				CLANG_WARN_DEPRECATED_OBJC_IMPLEMENTATIONS = YES;
				CLANG_WARN_DIRECT_OBJC_ISA_USAGE = YES_ERROR;
				CLANG_WARN_DOCUMENTATION_COMMENTS = YES;
				CLANG_WARN_EMPTY_BODY = YES;
				CLANG_WARN_ENUM_CONVERSION = YES;
				CLANG_WARN_INFINITE_RECURSION = YES;
				CLANG_WARN_INT_CONVERSION = YES;
				CLANG_WARN_NON_LITERAL_NULL_CONVERSION = YES;
				CLANG_WARN_OBJC_IMPLICIT_RETAIN_SELF = YES;
				CLANG_WARN_OBJC_LITERAL_CONVERSION = YES;
				CLANG_WARN_OBJC_ROOT_CLASS = YES_ERROR;
				CLANG_WARN_RANGE_LOOP_ANALYSIS = YES;
				CLANG_WARN_STRICT_PROTOTYPES = YES;
				CLANG_WARN_SUSPICIOUS_MOVE = YES;
				CLANG_WARN_UNGUARDED_AVAILABILITY = YES_AGGRESSIVE;
				CLANG_WARN_UNREACHABLE_CODE = YES;
				CLANG_WARN__DUPLICATE_METHOD_MATCH = YES;
				COPY_PHASE_STRIP = NO;
				DEBUG_INFORMATION_FORMAT = "dwarf-with-dsym";
				ENABLE_NS_ASSERTIONS = NO;
				ENABLE_STRICT_OBJC_MSGSEND = YES;
				GCC_C_LANGUAGE_STANDARD = gnu11;
				GCC_NO_COMMON_BLOCKS = YES;
				GCC_WARN_64_TO_32_BIT_CONVERSION = YES;
				GCC_WARN_ABOUT_RETURN_TYPE = YES_ERROR;
				GCC_WARN_UNDECLARED_SELECTOR = YES;
				GCC_WARN_UNINITIALIZED_AUTOS = YES_AGGRESSIVE;
				GCC_WARN_UNUSED_FUNCTION = YES;
				GCC_WARN_UNUSED_VARIABLE = YES;
				IPHONEOS_DEPLOYMENT_TARGET = 13.4;
				MTL_ENABLE_DEBUG_INFO = NO;
				MTL_FAST_MATH = YES;
				SDKROOT = iphoneos;
				SWIFT_COMPILATION_MODE = wholemodule;
				SWIFT_OPTIMIZATION_LEVEL = "-O";
				VALIDATE_PRODUCT = YES;
			};
			name = Release;
		};
		8D67B0BE2430D63800F9CF29 /* Debug */ = {
			isa = XCBuildConfiguration;
			baseConfigurationReference = D3AF1EAA7BC6773A9AB6ECA5 /* Pods-TestPod.debug.xcconfig */;
			buildSettings = {
				ASSETCATALOG_COMPILER_APPICON_NAME = AppIcon;
				CODE_SIGN_STYLE = Automatic;
				DEVELOPMENT_ASSET_PATHS = "\"TestPod/Preview Content\"";
				ENABLE_PREVIEWS = YES;
				INFOPLIST_FILE = TestPod/Info.plist;
				LD_RUNPATH_SEARCH_PATHS = (
					"$(inherited)",
					"@executable_path/Frameworks",
				);
				PRODUCT_BUNDLE_IDENTIFIER = com.ciriti.testpod.TestPod;
				PRODUCT_NAME = "$(TARGET_NAME)";
				SWIFT_VERSION = 5.0;
				TARGETED_DEVICE_FAMILY = "1,2";
			};
			name = Debug;
		};
		8D67B0BF2430D63800F9CF29 /* Release */ = {
			isa = XCBuildConfiguration;
			baseConfigurationReference = 9F8AF924B736B9D4461457FB /* Pods-TestPod.release.xcconfig */;
			buildSettings = {
				ASSETCATALOG_COMPILER_APPICON_NAME = AppIcon;
				CODE_SIGN_STYLE = Automatic;
				DEVELOPMENT_ASSET_PATHS = "\"TestPod/Preview Content\"";
				ENABLE_PREVIEWS = YES;
				INFOPLIST_FILE = TestPod/Info.plist;
				LD_RUNPATH_SEARCH_PATHS = (
					"$(inherited)",
					"@executable_path/Frameworks",
				);
				PRODUCT_BUNDLE_IDENTIFIER = com.ciriti.testpod.TestPod;
				PRODUCT_NAME = "$(TARGET_NAME)";
				SWIFT_VERSION = 5.0;
				TARGETED_DEVICE_FAMILY = "1,2";
			};
			name = Release;
		};
		8D67B0C12430D63800F9CF29 /* Debug */ = {
			isa = XCBuildConfiguration;
			baseConfigurationReference = DDDEFBBE2D489F75CC6CCDEA /* Pods-TestPodTests.debug.xcconfig */;
			buildSettings = {
				ALWAYS_EMBED_SWIFT_STANDARD_LIBRARIES = YES;
				BUNDLE_LOADER = "$(TEST_HOST)";
				CODE_SIGN_STYLE = Automatic;
				INFOPLIST_FILE = TestPodTests/Info.plist;
				IPHONEOS_DEPLOYMENT_TARGET = 13.4;
				LD_RUNPATH_SEARCH_PATHS = (
					"$(inherited)",
					"@executable_path/Frameworks",
					"@loader_path/Frameworks",
				);
				PRODUCT_BUNDLE_IDENTIFIER = com.ciriti.testpod.TestPodTests;
				PRODUCT_NAME = "$(TARGET_NAME)";
				SWIFT_VERSION = 5.0;
				TARGETED_DEVICE_FAMILY = "1,2";
				TEST_HOST = "$(BUILT_PRODUCTS_DIR)/TestPod.app/TestPod";
			};
			name = Debug;
		};
		8D67B0C22430D63800F9CF29 /* Release */ = {
			isa = XCBuildConfiguration;
			baseConfigurationReference = F90985CC45AB9E07E6CAFCC4 /* Pods-TestPodTests.release.xcconfig */;
			buildSettings = {
				ALWAYS_EMBED_SWIFT_STANDARD_LIBRARIES = YES;
				BUNDLE_LOADER = "$(TEST_HOST)";
				CODE_SIGN_STYLE = Automatic;
				INFOPLIST_FILE = TestPodTests/Info.plist;
				IPHONEOS_DEPLOYMENT_TARGET = 13.4;
				LD_RUNPATH_SEARCH_PATHS = (
					"$(inherited)",
					"@executable_path/Frameworks",
					"@loader_path/Frameworks",
				);
				PRODUCT_BUNDLE_IDENTIFIER = com.ciriti.testpod.TestPodTests;
				PRODUCT_NAME = "$(TARGET_NAME)";
				SWIFT_VERSION = 5.0;
				TARGETED_DEVICE_FAMILY = "1,2";
				TEST_HOST = "$(BUILT_PRODUCTS_DIR)/TestPod.app/TestPod";
			};
			name = Release;
		};
/* End XCBuildConfiguration section */

/* Begin XCConfigurationList section */
		8D67B0992430D63400F9CF29 /* Build configuration list for PBXProject "TestPod" */ = {
			isa = XCConfigurationList;
			buildConfigurations = (
				8D67B0BB2430D63800F9CF29 /* Debug */,
				8D67B0BC2430D63800F9CF29 /* Release */,
			);
			defaultConfigurationIsVisible = 0;
			defaultConfigurationName = Release;
		};
		8D67B0BD2430D63800F9CF29 /* Build configuration list for PBXNativeTarget "TestPod" */ = {
			isa = XCConfigurationList;
			buildConfigurations = (
				8D67B0BE2430D63800F9CF29 /* Debug */,
				8D67B0BF2430D63800F9CF29 /* Release */,
			);
			defaultConfigurationIsVisible = 0;
			defaultConfigurationName = Release;
		};
		8D67B0C02430D63800F9CF29 /* Build configuration list for PBXNativeTarget "TestPodTests" */ = {
			isa = XCConfigurationList;
			buildConfigurations = (
				8D67B0C12430D63800F9CF29 /* Debug */,
				8D67B0C22430D63800F9CF29 /* Release */,
			);
			defaultConfigurationIsVisible = 0;
			defaultConfigurationName = Release;
		};
/* End XCConfigurationList section */
	};
	rootObject = 8D67B0962430D63400F9CF29 /* Project object */;
}
